// !$*UTF8*$!
{
	archiveVersion = 1;
	classes = {
	};
	objectVersion = 56;
	objects = {

/* Begin PBXBuildFile section */
		716F42E92BDC276300DCD63B /* FeedModel+CoreDataClass.swift in Sources */ = {isa = PBXBuildFile; fileRef = 716F42E72BDC276300DCD63B /* FeedModel+CoreDataClass.swift */; };
		716F42EA2BDC276300DCD63B /* FeedModel+CoreDataProperties.swift in Sources */ = {isa = PBXBuildFile; fileRef = 716F42E82BDC276300DCD63B /* FeedModel+CoreDataProperties.swift */; };
		71A2B8562BD172A60017B375 /* AppDelegate.swift in Sources */ = {isa = PBXBuildFile; fileRef = 71A2B8552BD172A60017B375 /* AppDelegate.swift */; };
		71A2B85F2BD172A80017B375 /* Assets.xcassets in Resources */ = {isa = PBXBuildFile; fileRef = 71A2B85E2BD172A80017B375 /* Assets.xcassets */; };
		71A2B8622BD172A80017B375 /* LaunchScreen.storyboard in Resources */ = {isa = PBXBuildFile; fileRef = 71A2B8602BD172A80017B375 /* LaunchScreen.storyboard */; };
		71A2B86D2BD1732F0017B375 /* AppRootViewController.swift in Sources */ = {isa = PBXBuildFile; fileRef = 71A2B86C2BD1732F0017B375 /* AppRootViewController.swift */; };
		71A2B86F2BD173360017B375 /* AppRootViewModel.swift in Sources */ = {isa = PBXBuildFile; fileRef = 71A2B86E2BD173360017B375 /* AppRootViewModel.swift */; };
		71A2B8782BD1745A0017B375 /* Assets.swift in Sources */ = {isa = PBXBuildFile; fileRef = 71A2B8772BD1745A0017B375 /* Assets.swift */; };
		71A2B87A2BD174DA0017B375 /* Localizable.strings in Resources */ = {isa = PBXBuildFile; fileRef = 71A2B8792BD174DA0017B375 /* Localizable.strings */; };
		71A2B8932BD174FE0017B375 /* UINavigationController+.swift in Sources */ = {isa = PBXBuildFile; fileRef = 71A2B87E2BD174FE0017B375 /* UINavigationController+.swift */; };
		71A2B8942BD174FE0017B375 /* DateFormatter+.swift in Sources */ = {isa = PBXBuildFile; fileRef = 71A2B87F2BD174FE0017B375 /* DateFormatter+.swift */; };
		71A2B8962BD174FE0017B375 /* UIFont+.swift in Sources */ = {isa = PBXBuildFile; fileRef = 71A2B8812BD174FE0017B375 /* UIFont+.swift */; };
		71A2B8972BD174FE0017B375 /* UIEdgeInsets+.swift in Sources */ = {isa = PBXBuildFile; fileRef = 71A2B8822BD174FE0017B375 /* UIEdgeInsets+.swift */; };
		71A2B8982BD174FE0017B375 /* UIView+.swift in Sources */ = {isa = PBXBuildFile; fileRef = 71A2B8832BD174FE0017B375 /* UIView+.swift */; };
		71A2B8992BD174FE0017B375 /* UIImageView+.swift in Sources */ = {isa = PBXBuildFile; fileRef = 71A2B8842BD174FE0017B375 /* UIImageView+.swift */; };
		71A2B89A2BD174FE0017B375 /* UILabel+.swift in Sources */ = {isa = PBXBuildFile; fileRef = 71A2B8852BD174FE0017B375 /* UILabel+.swift */; };
		71A2B89B2BD174FE0017B375 /* UITableView+.swift in Sources */ = {isa = PBXBuildFile; fileRef = 71A2B8862BD174FE0017B375 /* UITableView+.swift */; };
		71A2B89F2BD174FE0017B375 /* Int+.swift in Sources */ = {isa = PBXBuildFile; fileRef = 71A2B88B2BD174FE0017B375 /* Int+.swift */; };
		71A2B8A02BD174FE0017B375 /* Collection+.swift in Sources */ = {isa = PBXBuildFile; fileRef = 71A2B88C2BD174FE0017B375 /* Collection+.swift */; };
		71A2B8A22BD174FE0017B375 /* String+.swift in Sources */ = {isa = PBXBuildFile; fileRef = 71A2B88E2BD174FE0017B375 /* String+.swift */; };
		71A2B8A32BD174FE0017B375 /* Double+.swift in Sources */ = {isa = PBXBuildFile; fileRef = 71A2B88F2BD174FE0017B375 /* Double+.swift */; };
		71A2B8A42BD174FE0017B375 /* Optional+.swift in Sources */ = {isa = PBXBuildFile; fileRef = 71A2B8902BD174FE0017B375 /* Optional+.swift */; };
		71A2B8A62BD174FE0017B375 /* String+Localization.swift in Sources */ = {isa = PBXBuildFile; fileRef = 71A2B8922BD174FE0017B375 /* String+Localization.swift */; };
		71A2B8AC2BD175B00017B375 /* FeedListRouter.swift in Sources */ = {isa = PBXBuildFile; fileRef = 71A2B8A82BD175B00017B375 /* FeedListRouter.swift */; };
		71A2B8AD2BD175B00017B375 /* FeedListViewController.swift in Sources */ = {isa = PBXBuildFile; fileRef = 71A2B8A92BD175B00017B375 /* FeedListViewController.swift */; };
		71A2B8AF2BD175B00017B375 /* FeedListViewModel.swift in Sources */ = {isa = PBXBuildFile; fileRef = 71A2B8AB2BD175B00017B375 /* FeedListViewModel.swift */; };
		71A2B8B22BD177130017B375 /* Kingfisher in Frameworks */ = {isa = PBXBuildFile; productRef = 71A2B8B12BD177130017B375 /* Kingfisher */; };
		71A2B8B52BD177370017B375 /* SnapKit in Frameworks */ = {isa = PBXBuildFile; productRef = 71A2B8B42BD177370017B375 /* SnapKit */; };
		71A2B8B82BD177640017B375 /* CombineCocoa in Frameworks */ = {isa = PBXBuildFile; productRef = 71A2B8B72BD177640017B375 /* CombineCocoa */; };
		71A2B8BB2BD177890017B375 /* CombineExt in Frameworks */ = {isa = PBXBuildFile; productRef = 71A2B8BA2BD177890017B375 /* CombineExt */; };
		71A2B8C32BD17D310017B375 /* Alertable.swift in Sources */ = {isa = PBXBuildFile; fileRef = 71A2B8BE2BD17D310017B375 /* Alertable.swift */; };
		71A2B8C42BD17D310017B375 /* AlertActionViewModel.swift in Sources */ = {isa = PBXBuildFile; fileRef = 71A2B8C02BD17D310017B375 /* AlertActionViewModel.swift */; };
		71A2B8C52BD17D310017B375 /* AlertViewModel.swift in Sources */ = {isa = PBXBuildFile; fileRef = 71A2B8C22BD17D310017B375 /* AlertViewModel.swift */; };
		71A2B8C72BD17D740017B375 /* UIApplication+.swift in Sources */ = {isa = PBXBuildFile; fileRef = 71A2B8C62BD17D740017B375 /* UIApplication+.swift */; };
		71A2B8CA2BD17F980017B375 /* FeedListCellType.swift in Sources */ = {isa = PBXBuildFile; fileRef = 71A2B8C92BD17F980017B375 /* FeedListCellType.swift */; };
		71A2B8CC2BD17FA60017B375 /* FeedListSectionType.swift in Sources */ = {isa = PBXBuildFile; fileRef = 71A2B8CB2BD17FA60017B375 /* FeedListSectionType.swift */; };
		71A2B8CE2BD17FB30017B375 /* FeedListSection.swift in Sources */ = {isa = PBXBuildFile; fileRef = 71A2B8CD2BD17FB30017B375 /* FeedListSection.swift */; };
		71A2B8D22BD180510017B375 /* EmptyCell.swift in Sources */ = {isa = PBXBuildFile; fileRef = 71A2B8D12BD180510017B375 /* EmptyCell.swift */; };
		71A2B8D42BD180590017B375 /* EmptyCellViewModel.swift in Sources */ = {isa = PBXBuildFile; fileRef = 71A2B8D32BD180590017B375 /* EmptyCellViewModel.swift */; };
		71A2B8D82BD181050017B375 /* FeedCell.swift in Sources */ = {isa = PBXBuildFile; fileRef = 71A2B8D72BD181050017B375 /* FeedCell.swift */; };
		71A2B8DA2BD1810A0017B375 /* FeedCellViewModel.swift in Sources */ = {isa = PBXBuildFile; fileRef = 71A2B8D92BD1810A0017B375 /* FeedCellViewModel.swift */; };
		71A2B8E02BD3DCB50017B375 /* FeedItemsListRouter.swift in Sources */ = {isa = PBXBuildFile; fileRef = 71A2B8DC2BD3DCB50017B375 /* FeedItemsListRouter.swift */; };
		71A2B8E12BD3DCB50017B375 /* FeedItemsListViewController.swift in Sources */ = {isa = PBXBuildFile; fileRef = 71A2B8DD2BD3DCB50017B375 /* FeedItemsListViewController.swift */; };
		71A2B8E22BD3DCB50017B375 /* FeedItemsListContext.swift in Sources */ = {isa = PBXBuildFile; fileRef = 71A2B8DE2BD3DCB50017B375 /* FeedItemsListContext.swift */; };
		71A2B8E32BD3DCB50017B375 /* FeedItemsListViewModel.swift in Sources */ = {isa = PBXBuildFile; fileRef = 71A2B8DF2BD3DCB50017B375 /* FeedItemsListViewModel.swift */; };
		71A2B8E82BD3DE8D0017B375 /* FeedItemCell.swift in Sources */ = {isa = PBXBuildFile; fileRef = 71A2B8E72BD3DE8D0017B375 /* FeedItemCell.swift */; };
		71A2B8EA2BD3DE920017B375 /* FeedItemCellViewModel.swift in Sources */ = {isa = PBXBuildFile; fileRef = 71A2B8E92BD3DE920017B375 /* FeedItemCellViewModel.swift */; };
		71A2B8EC2BD3E3410017B375 /* FeedItemsListCellType.swift in Sources */ = {isa = PBXBuildFile; fileRef = 71A2B8EB2BD3E3410017B375 /* FeedItemsListCellType.swift */; };
		71A2B8EE2BD3E3480017B375 /* FeedItemsListSectionType.swift in Sources */ = {isa = PBXBuildFile; fileRef = 71A2B8ED2BD3E3480017B375 /* FeedItemsListSectionType.swift */; };
		71A2B8F02BD3E34E0017B375 /* FeedItemsListSection.swift in Sources */ = {isa = PBXBuildFile; fileRef = 71A2B8EF2BD3E34E0017B375 /* FeedItemsListSection.swift */; };
		71A2B8F32BD3F84E0017B375 /* FeedKit in Frameworks */ = {isa = PBXBuildFile; productRef = 71A2B8F22BD3F84E0017B375 /* FeedKit */; };
		71A2B8F62BD416AC0017B375 /* RSSParser.swift in Sources */ = {isa = PBXBuildFile; fileRef = 71A2B8F52BD416AC0017B375 /* RSSParser.swift */; };
		71A2B9032BD53B430017B375 /* FeedService.swift in Sources */ = {isa = PBXBuildFile; fileRef = 71A2B9022BD53B430017B375 /* FeedService.swift */; };
		71A2B9082BD53C630017B375 /* Publishers+.swift in Sources */ = {isa = PBXBuildFile; fileRef = 71A2B9072BD53C630017B375 /* Publishers+.swift */; };
		71A2B9302BD591C70017B375 /* CoreDataModel.xcdatamodeld in Sources */ = {isa = PBXBuildFile; fileRef = 71A2B92E2BD591C70017B375 /* CoreDataModel.xcdatamodeld */; };
		71A2B9332BD5920C0017B375 /* PersistenceManager.swift in Sources */ = {isa = PBXBuildFile; fileRef = 71A2B9322BD5920C0017B375 /* PersistenceManager.swift */; };
		71A2B97F2BD997880017B375 /* FeedItemModel+CoreDataClass.swift in Sources */ = {isa = PBXBuildFile; fileRef = 71A2B97B2BD997880017B375 /* FeedItemModel+CoreDataClass.swift */; };
		71A2B9802BD997880017B375 /* FeedItemModel+CoreDataProperties.swift in Sources */ = {isa = PBXBuildFile; fileRef = 71A2B97C2BD997880017B375 /* FeedItemModel+CoreDataProperties.swift */; };
		71F677742BD9B1CE00BA5755 /* PushNotificationHandler.swift in Sources */ = {isa = PBXBuildFile; fileRef = 71F677732BD9B1CD00BA5755 /* PushNotificationHandler.swift */; };
		71F677772BD9C05800BA5755 /* AppConstants.swift in Sources */ = {isa = PBXBuildFile; fileRef = 71F677762BD9C05800BA5755 /* AppConstants.swift */; };
/* End PBXBuildFile section */

/* Begin PBXFileReference section */
		716F42E72BDC276300DCD63B /* FeedModel+CoreDataClass.swift */ = {isa = PBXFileReference; lastKnownFileType = sourcecode.swift; path = "FeedModel+CoreDataClass.swift"; sourceTree = "<group>"; };
		716F42E82BDC276300DCD63B /* FeedModel+CoreDataProperties.swift */ = {isa = PBXFileReference; lastKnownFileType = sourcecode.swift; path = "FeedModel+CoreDataProperties.swift"; sourceTree = "<group>"; };
		71A2B8522BD172A60017B375 /* RSS Feed.app */ = {isa = PBXFileReference; explicitFileType = wrapper.application; includeInIndex = 0; path = "RSS Feed.app"; sourceTree = BUILT_PRODUCTS_DIR; };
		71A2B8552BD172A60017B375 /* AppDelegate.swift */ = {isa = PBXFileReference; lastKnownFileType = sourcecode.swift; path = AppDelegate.swift; sourceTree = "<group>"; };
		71A2B85E2BD172A80017B375 /* Assets.xcassets */ = {isa = PBXFileReference; lastKnownFileType = folder.assetcatalog; path = Assets.xcassets; sourceTree = "<group>"; };
		71A2B8612BD172A80017B375 /* Base */ = {isa = PBXFileReference; lastKnownFileType = file.storyboard; name = Base; path = Base.lproj/LaunchScreen.storyboard; sourceTree = "<group>"; };
		71A2B8632BD172A80017B375 /* Info.plist */ = {isa = PBXFileReference; lastKnownFileType = text.plist.xml; path = Info.plist; sourceTree = "<group>"; };
		71A2B86C2BD1732F0017B375 /* AppRootViewController.swift */ = {isa = PBXFileReference; lastKnownFileType = sourcecode.swift; path = AppRootViewController.swift; sourceTree = "<group>"; };
		71A2B86E2BD173360017B375 /* AppRootViewModel.swift */ = {isa = PBXFileReference; lastKnownFileType = sourcecode.swift; path = AppRootViewModel.swift; sourceTree = "<group>"; };
		71A2B8772BD1745A0017B375 /* Assets.swift */ = {isa = PBXFileReference; lastKnownFileType = sourcecode.swift; path = Assets.swift; sourceTree = "<group>"; };
		71A2B8792BD174DA0017B375 /* Localizable.strings */ = {isa = PBXFileReference; lastKnownFileType = text.plist.strings; path = Localizable.strings; sourceTree = "<group>"; };
		71A2B87E2BD174FE0017B375 /* UINavigationController+.swift */ = {isa = PBXFileReference; fileEncoding = 4; lastKnownFileType = sourcecode.swift; path = "UINavigationController+.swift"; sourceTree = "<group>"; };
		71A2B87F2BD174FE0017B375 /* DateFormatter+.swift */ = {isa = PBXFileReference; fileEncoding = 4; lastKnownFileType = sourcecode.swift; path = "DateFormatter+.swift"; sourceTree = "<group>"; };
		71A2B8812BD174FE0017B375 /* UIFont+.swift */ = {isa = PBXFileReference; fileEncoding = 4; lastKnownFileType = sourcecode.swift; path = "UIFont+.swift"; sourceTree = "<group>"; };
		71A2B8822BD174FE0017B375 /* UIEdgeInsets+.swift */ = {isa = PBXFileReference; fileEncoding = 4; lastKnownFileType = sourcecode.swift; path = "UIEdgeInsets+.swift"; sourceTree = "<group>"; };
		71A2B8832BD174FE0017B375 /* UIView+.swift */ = {isa = PBXFileReference; fileEncoding = 4; lastKnownFileType = sourcecode.swift; path = "UIView+.swift"; sourceTree = "<group>"; };
		71A2B8842BD174FE0017B375 /* UIImageView+.swift */ = {isa = PBXFileReference; fileEncoding = 4; lastKnownFileType = sourcecode.swift; path = "UIImageView+.swift"; sourceTree = "<group>"; };
		71A2B8852BD174FE0017B375 /* UILabel+.swift */ = {isa = PBXFileReference; fileEncoding = 4; lastKnownFileType = sourcecode.swift; path = "UILabel+.swift"; sourceTree = "<group>"; };
		71A2B8862BD174FE0017B375 /* UITableView+.swift */ = {isa = PBXFileReference; fileEncoding = 4; lastKnownFileType = sourcecode.swift; path = "UITableView+.swift"; sourceTree = "<group>"; };
		71A2B88B2BD174FE0017B375 /* Int+.swift */ = {isa = PBXFileReference; fileEncoding = 4; lastKnownFileType = sourcecode.swift; path = "Int+.swift"; sourceTree = "<group>"; };
		71A2B88C2BD174FE0017B375 /* Collection+.swift */ = {isa = PBXFileReference; fileEncoding = 4; lastKnownFileType = sourcecode.swift; path = "Collection+.swift"; sourceTree = "<group>"; };
		71A2B88E2BD174FE0017B375 /* String+.swift */ = {isa = PBXFileReference; fileEncoding = 4; lastKnownFileType = sourcecode.swift; path = "String+.swift"; sourceTree = "<group>"; };
		71A2B88F2BD174FE0017B375 /* Double+.swift */ = {isa = PBXFileReference; fileEncoding = 4; lastKnownFileType = sourcecode.swift; path = "Double+.swift"; sourceTree = "<group>"; };
		71A2B8902BD174FE0017B375 /* Optional+.swift */ = {isa = PBXFileReference; fileEncoding = 4; lastKnownFileType = sourcecode.swift; path = "Optional+.swift"; sourceTree = "<group>"; };
		71A2B8922BD174FE0017B375 /* String+Localization.swift */ = {isa = PBXFileReference; fileEncoding = 4; lastKnownFileType = sourcecode.swift; path = "String+Localization.swift"; sourceTree = "<group>"; };
		71A2B8A82BD175B00017B375 /* FeedListRouter.swift */ = {isa = PBXFileReference; lastKnownFileType = sourcecode.swift; path = FeedListRouter.swift; sourceTree = "<group>"; };
		71A2B8A92BD175B00017B375 /* FeedListViewController.swift */ = {isa = PBXFileReference; lastKnownFileType = sourcecode.swift; path = FeedListViewController.swift; sourceTree = "<group>"; };
		71A2B8AB2BD175B00017B375 /* FeedListViewModel.swift */ = {isa = PBXFileReference; lastKnownFileType = sourcecode.swift; path = FeedListViewModel.swift; sourceTree = "<group>"; };
		71A2B8BE2BD17D310017B375 /* Alertable.swift */ = {isa = PBXFileReference; fileEncoding = 4; lastKnownFileType = sourcecode.swift; path = Alertable.swift; sourceTree = "<group>"; };
		71A2B8C02BD17D310017B375 /* AlertActionViewModel.swift */ = {isa = PBXFileReference; fileEncoding = 4; lastKnownFileType = sourcecode.swift; path = AlertActionViewModel.swift; sourceTree = "<group>"; };
		71A2B8C22BD17D310017B375 /* AlertViewModel.swift */ = {isa = PBXFileReference; fileEncoding = 4; lastKnownFileType = sourcecode.swift; path = AlertViewModel.swift; sourceTree = "<group>"; };
		71A2B8C62BD17D740017B375 /* UIApplication+.swift */ = {isa = PBXFileReference; lastKnownFileType = sourcecode.swift; path = "UIApplication+.swift"; sourceTree = "<group>"; };
		71A2B8C92BD17F980017B375 /* FeedListCellType.swift */ = {isa = PBXFileReference; lastKnownFileType = sourcecode.swift; path = FeedListCellType.swift; sourceTree = "<group>"; };
		71A2B8CB2BD17FA60017B375 /* FeedListSectionType.swift */ = {isa = PBXFileReference; lastKnownFileType = sourcecode.swift; path = FeedListSectionType.swift; sourceTree = "<group>"; };
		71A2B8CD2BD17FB30017B375 /* FeedListSection.swift */ = {isa = PBXFileReference; lastKnownFileType = sourcecode.swift; path = FeedListSection.swift; sourceTree = "<group>"; };
		71A2B8D12BD180510017B375 /* EmptyCell.swift */ = {isa = PBXFileReference; lastKnownFileType = sourcecode.swift; path = EmptyCell.swift; sourceTree = "<group>"; };
		71A2B8D32BD180590017B375 /* EmptyCellViewModel.swift */ = {isa = PBXFileReference; lastKnownFileType = sourcecode.swift; path = EmptyCellViewModel.swift; sourceTree = "<group>"; };
		71A2B8D72BD181050017B375 /* FeedCell.swift */ = {isa = PBXFileReference; lastKnownFileType = sourcecode.swift; path = FeedCell.swift; sourceTree = "<group>"; };
		71A2B8D92BD1810A0017B375 /* FeedCellViewModel.swift */ = {isa = PBXFileReference; lastKnownFileType = sourcecode.swift; path = FeedCellViewModel.swift; sourceTree = "<group>"; };
		71A2B8DC2BD3DCB50017B375 /* FeedItemsListRouter.swift */ = {isa = PBXFileReference; lastKnownFileType = sourcecode.swift; path = FeedItemsListRouter.swift; sourceTree = "<group>"; };
		71A2B8DD2BD3DCB50017B375 /* FeedItemsListViewController.swift */ = {isa = PBXFileReference; lastKnownFileType = sourcecode.swift; path = FeedItemsListViewController.swift; sourceTree = "<group>"; };
		71A2B8DE2BD3DCB50017B375 /* FeedItemsListContext.swift */ = {isa = PBXFileReference; lastKnownFileType = sourcecode.swift; path = FeedItemsListContext.swift; sourceTree = "<group>"; };
		71A2B8DF2BD3DCB50017B375 /* FeedItemsListViewModel.swift */ = {isa = PBXFileReference; lastKnownFileType = sourcecode.swift; path = FeedItemsListViewModel.swift; sourceTree = "<group>"; };
		71A2B8E72BD3DE8D0017B375 /* FeedItemCell.swift */ = {isa = PBXFileReference; lastKnownFileType = sourcecode.swift; path = FeedItemCell.swift; sourceTree = "<group>"; };
		71A2B8E92BD3DE920017B375 /* FeedItemCellViewModel.swift */ = {isa = PBXFileReference; lastKnownFileType = sourcecode.swift; path = FeedItemCellViewModel.swift; sourceTree = "<group>"; };
		71A2B8EB2BD3E3410017B375 /* FeedItemsListCellType.swift */ = {isa = PBXFileReference; lastKnownFileType = sourcecode.swift; path = FeedItemsListCellType.swift; sourceTree = "<group>"; };
		71A2B8ED2BD3E3480017B375 /* FeedItemsListSectionType.swift */ = {isa = PBXFileReference; lastKnownFileType = sourcecode.swift; path = FeedItemsListSectionType.swift; sourceTree = "<group>"; };
		71A2B8EF2BD3E34E0017B375 /* FeedItemsListSection.swift */ = {isa = PBXFileReference; lastKnownFileType = sourcecode.swift; path = FeedItemsListSection.swift; sourceTree = "<group>"; };
		71A2B8F52BD416AC0017B375 /* RSSParser.swift */ = {isa = PBXFileReference; lastKnownFileType = sourcecode.swift; path = RSSParser.swift; sourceTree = "<group>"; };
		71A2B9022BD53B430017B375 /* FeedService.swift */ = {isa = PBXFileReference; lastKnownFileType = sourcecode.swift; path = FeedService.swift; sourceTree = "<group>"; };
		71A2B9072BD53C630017B375 /* Publishers+.swift */ = {isa = PBXFileReference; lastKnownFileType = sourcecode.swift; path = "Publishers+.swift"; sourceTree = "<group>"; };
		71A2B92F2BD591C70017B375 /* CoreDataModel.xcdatamodel */ = {isa = PBXFileReference; lastKnownFileType = wrapper.xcdatamodel; path = CoreDataModel.xcdatamodel; sourceTree = "<group>"; };
		71A2B9322BD5920C0017B375 /* PersistenceManager.swift */ = {isa = PBXFileReference; lastKnownFileType = sourcecode.swift; path = PersistenceManager.swift; sourceTree = "<group>"; };
		71A2B97B2BD997880017B375 /* FeedItemModel+CoreDataClass.swift */ = {isa = PBXFileReference; lastKnownFileType = sourcecode.swift; path = "FeedItemModel+CoreDataClass.swift"; sourceTree = "<group>"; };
		71A2B97C2BD997880017B375 /* FeedItemModel+CoreDataProperties.swift */ = {isa = PBXFileReference; lastKnownFileType = sourcecode.swift; path = "FeedItemModel+CoreDataProperties.swift"; sourceTree = "<group>"; };
		71F677732BD9B1CD00BA5755 /* PushNotificationHandler.swift */ = {isa = PBXFileReference; lastKnownFileType = sourcecode.swift; path = PushNotificationHandler.swift; sourceTree = "<group>"; };
		71F677762BD9C05800BA5755 /* AppConstants.swift */ = {isa = PBXFileReference; lastKnownFileType = sourcecode.swift; path = AppConstants.swift; sourceTree = "<group>"; };
/* End PBXFileReference section */

/* Begin PBXFrameworksBuildPhase section */
		71A2B84F2BD172A60017B375 /* Frameworks */ = {
			isa = PBXFrameworksBuildPhase;
			buildActionMask = 2147483647;
			files = (
				71A2B8BB2BD177890017B375 /* CombineExt in Frameworks */,
				71A2B8F32BD3F84E0017B375 /* FeedKit in Frameworks */,
				71A2B8B22BD177130017B375 /* Kingfisher in Frameworks */,
				71A2B8B82BD177640017B375 /* CombineCocoa in Frameworks */,
				71A2B8B52BD177370017B375 /* SnapKit in Frameworks */,
			);
			runOnlyForDeploymentPostprocessing = 0;
		};
/* End PBXFrameworksBuildPhase section */

/* Begin PBXGroup section */
		71A2B8492BD172A60017B375 = {
			isa = PBXGroup;
			children = (
				71A2B8542BD172A60017B375 /* RSS Feed */,
				71A2B8532BD172A60017B375 /* Products */,
			);
			sourceTree = "<group>";
		};
		71A2B8532BD172A60017B375 /* Products */ = {
			isa = PBXGroup;
			children = (
				71A2B8522BD172A60017B375 /* RSS Feed.app */,
			);
			name = Products;
			sourceTree = "<group>";
		};
		71A2B8542BD172A60017B375 /* RSS Feed */ = {
			isa = PBXGroup;
			children = (
				71A2B8BC2BD17D280017B375 /* Common */,
				71A2B86A2BD1731C0017B375 /* Modules */,
				71A2B8692BD172CC0017B375 /* Resources */,
				71A2B8552BD172A60017B375 /* AppDelegate.swift */,
				71A2B8602BD172A80017B375 /* LaunchScreen.storyboard */,
				71A2B8632BD172A80017B375 /* Info.plist */,
			);
			path = "RSS Feed";
			sourceTree = "<group>";
		};
		71A2B8692BD172CC0017B375 /* Resources */ = {
			isa = PBXGroup;
			children = (
				71A2B85E2BD172A80017B375 /* Assets.xcassets */,
				71A2B8772BD1745A0017B375 /* Assets.swift */,
				71A2B8792BD174DA0017B375 /* Localizable.strings */,
			);
			path = Resources;
			sourceTree = "<group>";
		};
		71A2B86A2BD1731C0017B375 /* Modules */ = {
			isa = PBXGroup;
			children = (
				71A2B8DB2BD3DCAA0017B375 /* FeedItemsList */,
				71A2B8A72BD175A40017B375 /* FeedList */,
				71A2B86B2BD173240017B375 /* AppRoot */,
			);
			path = Modules;
			sourceTree = "<group>";
		};
		71A2B86B2BD173240017B375 /* AppRoot */ = {
			isa = PBXGroup;
			children = (
				71A2B86C2BD1732F0017B375 /* AppRootViewController.swift */,
				71A2B86E2BD173360017B375 /* AppRootViewModel.swift */,
			);
			path = AppRoot;
			sourceTree = "<group>";
		};
		71A2B87B2BD174FE0017B375 /* Extensions */ = {
			isa = PBXGroup;
			children = (
				71A2B87C2BD174FE0017B375 /* Combine */,
				71A2B87D2BD174FE0017B375 /* UIKit */,
				71A2B88A2BD174FE0017B375 /* Foundation */,
			);
			path = Extensions;
			sourceTree = "<group>";
		};
		71A2B87C2BD174FE0017B375 /* Combine */ = {
			isa = PBXGroup;
			children = (
				71A2B9072BD53C630017B375 /* Publishers+.swift */,
			);
			path = Combine;
			sourceTree = "<group>";
		};
		71A2B87D2BD174FE0017B375 /* UIKit */ = {
			isa = PBXGroup;
			children = (
				71A2B87E2BD174FE0017B375 /* UINavigationController+.swift */,
				71A2B87F2BD174FE0017B375 /* DateFormatter+.swift */,
				71A2B8812BD174FE0017B375 /* UIFont+.swift */,
				71A2B8822BD174FE0017B375 /* UIEdgeInsets+.swift */,
				71A2B8832BD174FE0017B375 /* UIView+.swift */,
				71A2B8842BD174FE0017B375 /* UIImageView+.swift */,
				71A2B8852BD174FE0017B375 /* UILabel+.swift */,
				71A2B8862BD174FE0017B375 /* UITableView+.swift */,
				71A2B8C62BD17D740017B375 /* UIApplication+.swift */,
			);
			path = UIKit;
			sourceTree = "<group>";
		};
		71A2B88A2BD174FE0017B375 /* Foundation */ = {
			isa = PBXGroup;
			children = (
				71A2B88B2BD174FE0017B375 /* Int+.swift */,
				71A2B88C2BD174FE0017B375 /* Collection+.swift */,
				71A2B88E2BD174FE0017B375 /* String+.swift */,
				71A2B88F2BD174FE0017B375 /* Double+.swift */,
				71A2B8902BD174FE0017B375 /* Optional+.swift */,
				71A2B8922BD174FE0017B375 /* String+Localization.swift */,
			);
			path = Foundation;
			sourceTree = "<group>";
		};
		71A2B8A72BD175A40017B375 /* FeedList */ = {
			isa = PBXGroup;
			children = (
				71A2B8D52BD180F80017B375 /* Cells */,
				71A2B8C82BD17F8A0017B375 /* Models */,
				71A2B8A82BD175B00017B375 /* FeedListRouter.swift */,
				71A2B8A92BD175B00017B375 /* FeedListViewController.swift */,
				71A2B8AB2BD175B00017B375 /* FeedListViewModel.swift */,
			);
			path = FeedList;
			sourceTree = "<group>";
		};
		71A2B8BC2BD17D280017B375 /* Common */ = {
			isa = PBXGroup;
			children = (
				71F677752BD9C04B00BA5755 /* AppConstants */,
				71F677722BD9B1BE00BA5755 /* Notifications */,
				71A2B87B2BD174FE0017B375 /* Extensions */,
				71A2B9012BD53B330017B375 /* Services */,
				71A2B8FD2BD5389C0017B375 /* Storage */,
				71A2B8F42BD4169E0017B375 /* RSSParser */,
				71A2B8CF2BD180320017B375 /* Cells */,
				71A2B8BD2BD17D310017B375 /* Alerts */,
			);
			path = Common;
			sourceTree = "<group>";
		};
		71A2B8BD2BD17D310017B375 /* Alerts */ = {
			isa = PBXGroup;
			children = (
				71A2B8BE2BD17D310017B375 /* Alertable.swift */,
				71A2B8BF2BD17D310017B375 /* AlertActionViewModel */,
				71A2B8C12BD17D310017B375 /* AlertViewModel */,
			);
			path = Alerts;
			sourceTree = "<group>";
		};
		71A2B8BF2BD17D310017B375 /* AlertActionViewModel */ = {
			isa = PBXGroup;
			children = (
				71A2B8C02BD17D310017B375 /* AlertActionViewModel.swift */,
			);
			path = AlertActionViewModel;
			sourceTree = "<group>";
		};
		71A2B8C12BD17D310017B375 /* AlertViewModel */ = {
			isa = PBXGroup;
			children = (
				71A2B8C22BD17D310017B375 /* AlertViewModel.swift */,
			);
			path = AlertViewModel;
			sourceTree = "<group>";
		};
		71A2B8C82BD17F8A0017B375 /* Models */ = {
			isa = PBXGroup;
			children = (
				71A2B8C92BD17F980017B375 /* FeedListCellType.swift */,
				71A2B8CB2BD17FA60017B375 /* FeedListSectionType.swift */,
				71A2B8CD2BD17FB30017B375 /* FeedListSection.swift */,
			);
			path = Models;
			sourceTree = "<group>";
		};
		71A2B8CF2BD180320017B375 /* Cells */ = {
			isa = PBXGroup;
			children = (
				71A2B8D02BD180380017B375 /* Empty */,
			);
			path = Cells;
			sourceTree = "<group>";
		};
		71A2B8D02BD180380017B375 /* Empty */ = {
			isa = PBXGroup;
			children = (
				71A2B8D12BD180510017B375 /* EmptyCell.swift */,
				71A2B8D32BD180590017B375 /* EmptyCellViewModel.swift */,
			);
			path = Empty;
			sourceTree = "<group>";
		};
		71A2B8D52BD180F80017B375 /* Cells */ = {
			isa = PBXGroup;
			children = (
				71A2B8D62BD180FD0017B375 /* FeedCell */,
			);
			path = Cells;
			sourceTree = "<group>";
		};
		71A2B8D62BD180FD0017B375 /* FeedCell */ = {
			isa = PBXGroup;
			children = (
				71A2B8D72BD181050017B375 /* FeedCell.swift */,
				71A2B8D92BD1810A0017B375 /* FeedCellViewModel.swift */,
			);
			path = FeedCell;
			sourceTree = "<group>";
		};
		71A2B8DB2BD3DCAA0017B375 /* FeedItemsList */ = {
			isa = PBXGroup;
			children = (
				71A2B8E62BD3DE780017B375 /* Models */,
				71A2B8E42BD3DE6C0017B375 /* Cells */,
				71A2B8DC2BD3DCB50017B375 /* FeedItemsListRouter.swift */,
				71A2B8DD2BD3DCB50017B375 /* FeedItemsListViewController.swift */,
				71A2B8DE2BD3DCB50017B375 /* FeedItemsListContext.swift */,
				71A2B8DF2BD3DCB50017B375 /* FeedItemsListViewModel.swift */,
			);
			path = FeedItemsList;
			sourceTree = "<group>";
		};
		71A2B8E42BD3DE6C0017B375 /* Cells */ = {
			isa = PBXGroup;
			children = (
				71A2B8E52BD3DE710017B375 /* FeedItemCell */,
			);
			path = Cells;
			sourceTree = "<group>";
		};
		71A2B8E52BD3DE710017B375 /* FeedItemCell */ = {
			isa = PBXGroup;
			children = (
				71A2B8E72BD3DE8D0017B375 /* FeedItemCell.swift */,
				71A2B8E92BD3DE920017B375 /* FeedItemCellViewModel.swift */,
			);
			path = FeedItemCell;
			sourceTree = "<group>";
		};
		71A2B8E62BD3DE780017B375 /* Models */ = {
			isa = PBXGroup;
			children = (
				71A2B8EB2BD3E3410017B375 /* FeedItemsListCellType.swift */,
				71A2B8ED2BD3E3480017B375 /* FeedItemsListSectionType.swift */,
				71A2B8EF2BD3E34E0017B375 /* FeedItemsListSection.swift */,
			);
			path = Models;
			sourceTree = "<group>";
		};
		71A2B8F42BD4169E0017B375 /* RSSParser */ = {
			isa = PBXGroup;
			children = (
				71A2B8F52BD416AC0017B375 /* RSSParser.swift */,
			);
			path = RSSParser;
			sourceTree = "<group>";
		};
		71A2B8FD2BD5389C0017B375 /* Storage */ = {
			isa = PBXGroup;
			children = (
				71A2B92C2BD591AE0017B375 /* CoreData */,
			);
			path = Storage;
			sourceTree = "<group>";
		};
		71A2B9012BD53B330017B375 /* Services */ = {
			isa = PBXGroup;
			children = (
				71A2B9042BD53B460017B375 /* FeedService */,
			);
			path = Services;
			sourceTree = "<group>";
		};
		71A2B9042BD53B460017B375 /* FeedService */ = {
			isa = PBXGroup;
			children = (
				71A2B9022BD53B430017B375 /* FeedService.swift */,
			);
			path = FeedService;
			sourceTree = "<group>";
		};
		71A2B92C2BD591AE0017B375 /* CoreData */ = {
			isa = PBXGroup;
			children = (
				71A2B9312BD591D10017B375 /* PersistenceManager */,
				71A2B92D2BD591B70017B375 /* Models */,
			);
			path = CoreData;
			sourceTree = "<group>";
		};
		71A2B92D2BD591B70017B375 /* Models */ = {
			isa = PBXGroup;
			children = (
				71A2B9612BD5A3F60017B375 /* Feed */,
				71A2B9602BD5A3EE0017B375 /* FeedItem */,
				71A2B92E2BD591C70017B375 /* CoreDataModel.xcdatamodeld */,
			);
			path = Models;
			sourceTree = "<group>";
		};
		71A2B9312BD591D10017B375 /* PersistenceManager */ = {
			isa = PBXGroup;
			children = (
				71A2B9322BD5920C0017B375 /* PersistenceManager.swift */,
			);
			path = PersistenceManager;
			sourceTree = "<group>";
		};
		71A2B9602BD5A3EE0017B375 /* FeedItem */ = {
			isa = PBXGroup;
			children = (
				71A2B97B2BD997880017B375 /* FeedItemModel+CoreDataClass.swift */,
				71A2B97C2BD997880017B375 /* FeedItemModel+CoreDataProperties.swift */,
			);
			path = FeedItem;
			sourceTree = "<group>";
		};
		71A2B9612BD5A3F60017B375 /* Feed */ = {
			isa = PBXGroup;
			children = (
				716F42E72BDC276300DCD63B /* FeedModel+CoreDataClass.swift */,
				716F42E82BDC276300DCD63B /* FeedModel+CoreDataProperties.swift */,
			);
			path = Feed;
			sourceTree = "<group>";
		};
		71F677722BD9B1BE00BA5755 /* Notifications */ = {
			isa = PBXGroup;
			children = (
				71F677732BD9B1CD00BA5755 /* PushNotificationHandler.swift */,
			);
			path = Notifications;
			sourceTree = "<group>";
		};
		71F677752BD9C04B00BA5755 /* AppConstants */ = {
			isa = PBXGroup;
			children = (
				71F677762BD9C05800BA5755 /* AppConstants.swift */,
			);
			path = AppConstants;
			sourceTree = "<group>";
		};
/* End PBXGroup section */

/* Begin PBXNativeTarget section */
		71A2B8512BD172A60017B375 /* RSS Feed */ = {
			isa = PBXNativeTarget;
			buildConfigurationList = 71A2B8662BD172A80017B375 /* Build configuration list for PBXNativeTarget "RSS Feed" */;
			buildPhases = (
				71A2B84E2BD172A60017B375 /* Sources */,
				71A2B84F2BD172A60017B375 /* Frameworks */,
				71A2B8502BD172A60017B375 /* Resources */,
			);
			buildRules = (
			);
			dependencies = (
			);
			name = "RSS Feed";
			packageProductDependencies = (
				71A2B8B12BD177130017B375 /* Kingfisher */,
				71A2B8B42BD177370017B375 /* SnapKit */,
				71A2B8B72BD177640017B375 /* CombineCocoa */,
				71A2B8BA2BD177890017B375 /* CombineExt */,
				71A2B8F22BD3F84E0017B375 /* FeedKit */,
			);
			productName = "RSS Feed";
			productReference = 71A2B8522BD172A60017B375 /* RSS Feed.app */;
			productType = "com.apple.product-type.application";
		};
/* End PBXNativeTarget section */

/* Begin PBXProject section */
		71A2B84A2BD172A60017B375 /* Project object */ = {
			isa = PBXProject;
			attributes = {
				BuildIndependentTargetsInParallel = 1;
				LastSwiftUpdateCheck = 1520;
				LastUpgradeCheck = 1520;
				TargetAttributes = {
					71A2B8512BD172A60017B375 = {
						CreatedOnToolsVersion = 15.2;
					};
				};
			};
			buildConfigurationList = 71A2B84D2BD172A60017B375 /* Build configuration list for PBXProject "RSS Feed" */;
			compatibilityVersion = "Xcode 14.0";
			developmentRegion = en;
			hasScannedForEncodings = 0;
			knownRegions = (
				en,
				Base,
			);
			mainGroup = 71A2B8492BD172A60017B375;
			packageReferences = (
				71A2B8B02BD177130017B375 /* XCRemoteSwiftPackageReference "Kingfisher" */,
				71A2B8B32BD177370017B375 /* XCRemoteSwiftPackageReference "SnapKit" */,
				71A2B8B62BD177640017B375 /* XCRemoteSwiftPackageReference "CombineCocoa" */,
				71A2B8B92BD177890017B375 /* XCRemoteSwiftPackageReference "CombineExt" */,
				71A2B8F12BD3F84E0017B375 /* XCRemoteSwiftPackageReference "FeedKit" */,
			);
			productRefGroup = 71A2B8532BD172A60017B375 /* Products */;
			projectDirPath = "";
			projectRoot = "";
			targets = (
				71A2B8512BD172A60017B375 /* RSS Feed */,
			);
		};
/* End PBXProject section */

/* Begin PBXResourcesBuildPhase section */
		71A2B8502BD172A60017B375 /* Resources */ = {
			isa = PBXResourcesBuildPhase;
			buildActionMask = 2147483647;
			files = (
				71A2B8622BD172A80017B375 /* LaunchScreen.storyboard in Resources */,
				71A2B87A2BD174DA0017B375 /* Localizable.strings in Resources */,
				71A2B85F2BD172A80017B375 /* Assets.xcassets in Resources */,
			);
			runOnlyForDeploymentPostprocessing = 0;
		};
/* End PBXResourcesBuildPhase section */

/* Begin PBXSourcesBuildPhase section */
		71A2B84E2BD172A60017B375 /* Sources */ = {
			isa = PBXSourcesBuildPhase;
			buildActionMask = 2147483647;
			files = (
				71A2B8992BD174FE0017B375 /* UIImageView+.swift in Sources */,
				71A2B8C42BD17D310017B375 /* AlertActionViewModel.swift in Sources */,
				71A2B8972BD174FE0017B375 /* UIEdgeInsets+.swift in Sources */,
				71A2B8C52BD17D310017B375 /* AlertViewModel.swift in Sources */,
				71A2B9802BD997880017B375 /* FeedItemModel+CoreDataProperties.swift in Sources */,
				71A2B86D2BD1732F0017B375 /* AppRootViewController.swift in Sources */,
				71A2B8C72BD17D740017B375 /* UIApplication+.swift in Sources */,
				71A2B89A2BD174FE0017B375 /* UILabel+.swift in Sources */,
				71A2B9032BD53B430017B375 /* FeedService.swift in Sources */,
				71A2B8D22BD180510017B375 /* EmptyCell.swift in Sources */,
				71A2B8A32BD174FE0017B375 /* Double+.swift in Sources */,
				71A2B8AD2BD175B00017B375 /* FeedListViewController.swift in Sources */,
				71A2B8A42BD174FE0017B375 /* Optional+.swift in Sources */,
				716F42E92BDC276300DCD63B /* FeedModel+CoreDataClass.swift in Sources */,
				71A2B9082BD53C630017B375 /* Publishers+.swift in Sources */,
				71A2B8E82BD3DE8D0017B375 /* FeedItemCell.swift in Sources */,
				71A2B8962BD174FE0017B375 /* UIFont+.swift in Sources */,
				71A2B8E22BD3DCB50017B375 /* FeedItemsListContext.swift in Sources */,
				71A2B8CA2BD17F980017B375 /* FeedListCellType.swift in Sources */,
				71A2B8C32BD17D310017B375 /* Alertable.swift in Sources */,
				71A2B89F2BD174FE0017B375 /* Int+.swift in Sources */,
				71A2B86F2BD173360017B375 /* AppRootViewModel.swift in Sources */,
				71A2B8E02BD3DCB50017B375 /* FeedItemsListRouter.swift in Sources */,
				71F677772BD9C05800BA5755 /* AppConstants.swift in Sources */,
				71A2B8F62BD416AC0017B375 /* RSSParser.swift in Sources */,
				71A2B8D42BD180590017B375 /* EmptyCellViewModel.swift in Sources */,
				71A2B8942BD174FE0017B375 /* DateFormatter+.swift in Sources */,
				71A2B8DA2BD1810A0017B375 /* FeedCellViewModel.swift in Sources */,
				71A2B8E32BD3DCB50017B375 /* FeedItemsListViewModel.swift in Sources */,
				71A2B8A02BD174FE0017B375 /* Collection+.swift in Sources */,
				71A2B8782BD1745A0017B375 /* Assets.swift in Sources */,
				71A2B8CC2BD17FA60017B375 /* FeedListSectionType.swift in Sources */,
				71A2B8EE2BD3E3480017B375 /* FeedItemsListSectionType.swift in Sources */,
				71A2B8A62BD174FE0017B375 /* String+Localization.swift in Sources */,
				71A2B8EA2BD3DE920017B375 /* FeedItemCellViewModel.swift in Sources */,
				71A2B9332BD5920C0017B375 /* PersistenceManager.swift in Sources */,
				71A2B8D82BD181050017B375 /* FeedCell.swift in Sources */,
				71A2B8AC2BD175B00017B375 /* FeedListRouter.swift in Sources */,
				71A2B8EC2BD3E3410017B375 /* FeedItemsListCellType.swift in Sources */,
				71A2B8CE2BD17FB30017B375 /* FeedListSection.swift in Sources */,
				71A2B8982BD174FE0017B375 /* UIView+.swift in Sources */,
				71F677742BD9B1CE00BA5755 /* PushNotificationHandler.swift in Sources */,
				71A2B8562BD172A60017B375 /* AppDelegate.swift in Sources */,
				716F42EA2BDC276300DCD63B /* FeedModel+CoreDataProperties.swift in Sources */,
				71A2B97F2BD997880017B375 /* FeedItemModel+CoreDataClass.swift in Sources */,
				71A2B89B2BD174FE0017B375 /* UITableView+.swift in Sources */,
				71A2B9302BD591C70017B375 /* CoreDataModel.xcdatamodeld in Sources */,
				71A2B8A22BD174FE0017B375 /* String+.swift in Sources */,
				71A2B8F02BD3E34E0017B375 /* FeedItemsListSection.swift in Sources */,
				71A2B8E12BD3DCB50017B375 /* FeedItemsListViewController.swift in Sources */,
				71A2B8932BD174FE0017B375 /* UINavigationController+.swift in Sources */,
				71A2B8AF2BD175B00017B375 /* FeedListViewModel.swift in Sources */,
			);
			runOnlyForDeploymentPostprocessing = 0;
		};
/* End PBXSourcesBuildPhase section */

/* Begin PBXVariantGroup section */
		71A2B8602BD172A80017B375 /* LaunchScreen.storyboard */ = {
			isa = PBXVariantGroup;
			children = (
				71A2B8612BD172A80017B375 /* Base */,
			);
			name = LaunchScreen.storyboard;
			sourceTree = "<group>";
		};
/* End PBXVariantGroup section */

/* Begin XCBuildConfiguration section */
		71A2B8642BD172A80017B375 /* Debug */ = {
			isa = XCBuildConfiguration;
			buildSettings = {
				ALWAYS_SEARCH_USER_PATHS = NO;
				ASSETCATALOG_COMPILER_GENERATE_SWIFT_ASSET_SYMBOL_EXTENSIONS = YES;
				CLANG_ANALYZER_NONNULL = YES;
				CLANG_ANALYZER_NUMBER_OBJECT_CONVERSION = YES_AGGRESSIVE;
				CLANG_CXX_LANGUAGE_STANDARD = "gnu++20";
				CLANG_ENABLE_MODULES = YES;
				CLANG_ENABLE_OBJC_ARC = YES;
				CLANG_ENABLE_OBJC_WEAK = YES;
				CLANG_WARN_BLOCK_CAPTURE_AUTORELEASING = YES;
				CLANG_WARN_BOOL_CONVERSION = YES;
				CLANG_WARN_COMMA = YES;
				CLANG_WARN_CONSTANT_CONVERSION = YES;
				CLANG_WARN_DEPRECATED_OBJC_IMPLEMENTATIONS = YES;
				CLANG_WARN_DIRECT_OBJC_ISA_USAGE = YES_ERROR;
				CLANG_WARN_DOCUMENTATION_COMMENTS = YES;
				CLANG_WARN_EMPTY_BODY = YES;
				CLANG_WARN_ENUM_CONVERSION = YES;
				CLANG_WARN_INFINITE_RECURSION = YES;
				CLANG_WARN_INT_CONVERSION = YES;
				CLANG_WARN_NON_LITERAL_NULL_CONVERSION = YES;
				CLANG_WARN_OBJC_IMPLICIT_RETAIN_SELF = YES;
				CLANG_WARN_OBJC_LITERAL_CONVERSION = YES;
				CLANG_WARN_OBJC_ROOT_CLASS = YES_ERROR;
				CLANG_WARN_QUOTED_INCLUDE_IN_FRAMEWORK_HEADER = YES;
				CLANG_WARN_RANGE_LOOP_ANALYSIS = YES;
				CLANG_WARN_STRICT_PROTOTYPES = YES;
				CLANG_WARN_SUSPICIOUS_MOVE = YES;
				CLANG_WARN_UNGUARDED_AVAILABILITY = YES_AGGRESSIVE;
				CLANG_WARN_UNREACHABLE_CODE = YES;
				CLANG_WARN__DUPLICATE_METHOD_MATCH = YES;
				COPY_PHASE_STRIP = NO;
				DEBUG_INFORMATION_FORMAT = dwarf;
				ENABLE_STRICT_OBJC_MSGSEND = YES;
				ENABLE_TESTABILITY = YES;
				ENABLE_USER_SCRIPT_SANDBOXING = YES;
				GCC_C_LANGUAGE_STANDARD = gnu17;
				GCC_DYNAMIC_NO_PIC = NO;
				GCC_NO_COMMON_BLOCKS = YES;
				GCC_OPTIMIZATION_LEVEL = 0;
				GCC_PREPROCESSOR_DEFINITIONS = (
					"DEBUG=1",
					"$(inherited)",
				);
				GCC_WARN_64_TO_32_BIT_CONVERSION = YES;
				GCC_WARN_ABOUT_RETURN_TYPE = YES_ERROR;
				GCC_WARN_UNDECLARED_SELECTOR = YES;
				GCC_WARN_UNINITIALIZED_AUTOS = YES_AGGRESSIVE;
				GCC_WARN_UNUSED_FUNCTION = YES;
				GCC_WARN_UNUSED_VARIABLE = YES;
				IPHONEOS_DEPLOYMENT_TARGET = 17.2;
				LOCALIZATION_PREFERS_STRING_CATALOGS = YES;
				MTL_ENABLE_DEBUG_INFO = INCLUDE_SOURCE;
				MTL_FAST_MATH = YES;
				ONLY_ACTIVE_ARCH = YES;
				SDKROOT = iphoneos;
				SWIFT_ACTIVE_COMPILATION_CONDITIONS = "DEBUG $(inherited)";
				SWIFT_OPTIMIZATION_LEVEL = "-Onone";
			};
			name = Debug;
		};
		71A2B8652BD172A80017B375 /* Release */ = {
			isa = XCBuildConfiguration;
			buildSettings = {
				ALWAYS_SEARCH_USER_PATHS = NO;
				ASSETCATALOG_COMPILER_GENERATE_SWIFT_ASSET_SYMBOL_EXTENSIONS = YES;
				CLANG_ANALYZER_NONNULL = YES;
				CLANG_ANALYZER_NUMBER_OBJECT_CONVERSION = YES_AGGRESSIVE;
				CLANG_CXX_LANGUAGE_STANDARD = "gnu++20";
				CLANG_ENABLE_MODULES = YES;
				CLANG_ENABLE_OBJC_ARC = YES;
				CLANG_ENABLE_OBJC_WEAK = YES;
				CLANG_WARN_BLOCK_CAPTURE_AUTORELEASING = YES;
				CLANG_WARN_BOOL_CONVERSION = YES;
				CLANG_WARN_COMMA = YES;
				CLANG_WARN_CONSTANT_CONVERSION = YES;
				CLANG_WARN_DEPRECATED_OBJC_IMPLEMENTATIONS = YES;
				CLANG_WARN_DIRECT_OBJC_ISA_USAGE = YES_ERROR;
				CLANG_WARN_DOCUMENTATION_COMMENTS = YES;
				CLANG_WARN_EMPTY_BODY = YES;
				CLANG_WARN_ENUM_CONVERSION = YES;
				CLANG_WARN_INFINITE_RECURSION = YES;
				CLANG_WARN_INT_CONVERSION = YES;
				CLANG_WARN_NON_LITERAL_NULL_CONVERSION = YES;
				CLANG_WARN_OBJC_IMPLICIT_RETAIN_SELF = YES;
				CLANG_WARN_OBJC_LITERAL_CONVERSION = YES;
				CLANG_WARN_OBJC_ROOT_CLASS = YES_ERROR;
				CLANG_WARN_QUOTED_INCLUDE_IN_FRAMEWORK_HEADER = YES;
				CLANG_WARN_RANGE_LOOP_ANALYSIS = YES;
				CLANG_WARN_STRICT_PROTOTYPES = YES;
				CLANG_WARN_SUSPICIOUS_MOVE = YES;
				CLANG_WARN_UNGUARDED_AVAILABILITY = YES_AGGRESSIVE;
				CLANG_WARN_UNREACHABLE_CODE = YES;
				CLANG_WARN__DUPLICATE_METHOD_MATCH = YES;
				COPY_PHASE_STRIP = NO;
				DEBUG_INFORMATION_FORMAT = "dwarf-with-dsym";
				ENABLE_NS_ASSERTIONS = NO;
				ENABLE_STRICT_OBJC_MSGSEND = YES;
				ENABLE_USER_SCRIPT_SANDBOXING = YES;
				GCC_C_LANGUAGE_STANDARD = gnu17;
				GCC_NO_COMMON_BLOCKS = YES;
				GCC_WARN_64_TO_32_BIT_CONVERSION = YES;
				GCC_WARN_ABOUT_RETURN_TYPE = YES_ERROR;
				GCC_WARN_UNDECLARED_SELECTOR = YES;
				GCC_WARN_UNINITIALIZED_AUTOS = YES_AGGRESSIVE;
				GCC_WARN_UNUSED_FUNCTION = YES;
				GCC_WARN_UNUSED_VARIABLE = YES;
				IPHONEOS_DEPLOYMENT_TARGET = 17.2;
				LOCALIZATION_PREFERS_STRING_CATALOGS = YES;
				MTL_ENABLE_DEBUG_INFO = NO;
				MTL_FAST_MATH = YES;
				SDKROOT = iphoneos;
				SWIFT_COMPILATION_MODE = wholemodule;
				VALIDATE_PRODUCT = YES;
			};
			name = Release;
		};
		71A2B8672BD172A80017B375 /* Debug */ = {
			isa = XCBuildConfiguration;
			buildSettings = {
				ASSETCATALOG_COMPILER_APPICON_NAME = AppIcon;
				ASSETCATALOG_COMPILER_GLOBAL_ACCENT_COLOR_NAME = AccentColor;
				CODE_SIGN_STYLE = Automatic;
				CURRENT_PROJECT_VERSION = 1;
				DEVELOPMENT_TEAM = W8N667CFJ3;
				GENERATE_INFOPLIST_FILE = YES;
				INFOPLIST_FILE = "RSS Feed/Info.plist";
				INFOPLIST_KEY_UIApplicationSupportsIndirectInputEvents = YES;
				INFOPLIST_KEY_UILaunchStoryboardName = LaunchScreen;
				INFOPLIST_KEY_UISupportedInterfaceOrientations_iPad = "UIInterfaceOrientationPortrait UIInterfaceOrientationPortraitUpsideDown UIInterfaceOrientationLandscapeLeft UIInterfaceOrientationLandscapeRight";
				INFOPLIST_KEY_UISupportedInterfaceOrientations_iPhone = "UIInterfaceOrientationPortrait UIInterfaceOrientationLandscapeLeft UIInterfaceOrientationLandscapeRight";
				INFOPLIST_KEY_UIUserInterfaceStyle = Light;
				LD_RUNPATH_SEARCH_PATHS = (
					"$(inherited)",
					"@executable_path/Frameworks",
				);
				MARKETING_VERSION = 1.0;
				PRODUCT_BUNDLE_IDENTIFIER = "org.hernaus.RSS-Feed";
				PRODUCT_NAME = "$(TARGET_NAME)";
				SWIFT_EMIT_LOC_STRINGS = YES;
				SWIFT_VERSION = 5.0;
				TARGETED_DEVICE_FAMILY = "1,2";
			};
			name = Debug;
		};
		71A2B8682BD172A80017B375 /* Release */ = {
			isa = XCBuildConfiguration;
			buildSettings = {
				ASSETCATALOG_COMPILER_APPICON_NAME = AppIcon;
				ASSETCATALOG_COMPILER_GLOBAL_ACCENT_COLOR_NAME = AccentColor;
				CODE_SIGN_STYLE = Automatic;
				CURRENT_PROJECT_VERSION = 1;
				DEVELOPMENT_TEAM = W8N667CFJ3;
				GENERATE_INFOPLIST_FILE = YES;
				INFOPLIST_FILE = "RSS Feed/Info.plist";
				INFOPLIST_KEY_UIApplicationSupportsIndirectInputEvents = YES;
				INFOPLIST_KEY_UILaunchStoryboardName = LaunchScreen;
				INFOPLIST_KEY_UISupportedInterfaceOrientations_iPad = "UIInterfaceOrientationPortrait UIInterfaceOrientationPortraitUpsideDown UIInterfaceOrientationLandscapeLeft UIInterfaceOrientationLandscapeRight";
				INFOPLIST_KEY_UISupportedInterfaceOrientations_iPhone = "UIInterfaceOrientationPortrait UIInterfaceOrientationLandscapeLeft UIInterfaceOrientationLandscapeRight";
				INFOPLIST_KEY_UIUserInterfaceStyle = Light;
				LD_RUNPATH_SEARCH_PATHS = (
					"$(inherited)",
					"@executable_path/Frameworks",
				);
				MARKETING_VERSION = 1.0;
				PRODUCT_BUNDLE_IDENTIFIER = "org.hernaus.RSS-Feed";
				PRODUCT_NAME = "$(TARGET_NAME)";
				SWIFT_EMIT_LOC_STRINGS = YES;
				SWIFT_VERSION = 5.0;
				TARGETED_DEVICE_FAMILY = "1,2";
			};
			name = Release;
		};
/* End XCBuildConfiguration section */

/* Begin XCConfigurationList section */
		71A2B84D2BD172A60017B375 /* Build configuration list for PBXProject "RSS Feed" */ = {
			isa = XCConfigurationList;
			buildConfigurations = (
				71A2B8642BD172A80017B375 /* Debug */,
				71A2B8652BD172A80017B375 /* Release */,
			);
			defaultConfigurationIsVisible = 0;
			defaultConfigurationName = Release;
		};
		71A2B8662BD172A80017B375 /* Build configuration list for PBXNativeTarget "RSS Feed" */ = {
			isa = XCConfigurationList;
			buildConfigurations = (
				71A2B8672BD172A80017B375 /* Debug */,
				71A2B8682BD172A80017B375 /* Release */,
			);
			defaultConfigurationIsVisible = 0;
			defaultConfigurationName = Release;
		};
/* End XCConfigurationList section */

/* Begin XCRemoteSwiftPackageReference section */
		71A2B8B02BD177130017B375 /* XCRemoteSwiftPackageReference "Kingfisher" */ = {
			isa = XCRemoteSwiftPackageReference;
			repositoryURL = "https://github.com/onevcat/Kingfisher.git";
			requirement = {
				kind = upToNextMajorVersion;
				minimumVersion = 7.0.0;
			};
		};
		71A2B8B32BD177370017B375 /* XCRemoteSwiftPackageReference "SnapKit" */ = {
			isa = XCRemoteSwiftPackageReference;
			repositoryURL = "https://github.com/SnapKit/SnapKit.git";
			requirement = {
				kind = upToNextMajorVersion;
				minimumVersion = 5.0.1;
			};
		};
		71A2B8B62BD177640017B375 /* XCRemoteSwiftPackageReference "CombineCocoa" */ = {
			isa = XCRemoteSwiftPackageReference;
			repositoryURL = "https://github.com/CombineCommunity/CombineCocoa.git";
			requirement = {
				kind = upToNextMajorVersion;
				minimumVersion = 0.2.1;
			};
		};
		71A2B8B92BD177890017B375 /* XCRemoteSwiftPackageReference "CombineExt" */ = {
			isa = XCRemoteSwiftPackageReference;
			repositoryURL = "https://github.com/CombineCommunity/CombineExt.git";
			requirement = {
				kind = upToNextMajorVersion;
				minimumVersion = 1.0.0;
			};
		};
		71A2B8F12BD3F84E0017B375 /* XCRemoteSwiftPackageReference "FeedKit" */ = {
			isa = XCRemoteSwiftPackageReference;
			repositoryURL = "https://github.com/nmdias/FeedKit.git";
			requirement = {
				kind = upToNextMajorVersion;
				minimumVersion = 9.0.0;
			};
		};
/* End XCRemoteSwiftPackageReference section */

/* Begin XCSwiftPackageProductDependency section */
		71A2B8B12BD177130017B375 /* Kingfisher */ = {
			isa = XCSwiftPackageProductDependency;
			package = 71A2B8B02BD177130017B375 /* XCRemoteSwiftPackageReference "Kingfisher" */;
			productName = Kingfisher;
		};
		71A2B8B42BD177370017B375 /* SnapKit */ = {
			isa = XCSwiftPackageProductDependency;
			package = 71A2B8B32BD177370017B375 /* XCRemoteSwiftPackageReference "SnapKit" */;
			productName = SnapKit;
		};
		71A2B8B72BD177640017B375 /* CombineCocoa */ = {
			isa = XCSwiftPackageProductDependency;
			package = 71A2B8B62BD177640017B375 /* XCRemoteSwiftPackageReference "CombineCocoa" */;
			productName = CombineCocoa;
		};
		71A2B8BA2BD177890017B375 /* CombineExt */ = {
			isa = XCSwiftPackageProductDependency;
			package = 71A2B8B92BD177890017B375 /* XCRemoteSwiftPackageReference "CombineExt" */;
			productName = CombineExt;
		};
		71A2B8F22BD3F84E0017B375 /* FeedKit */ = {
			isa = XCSwiftPackageProductDependency;
			package = 71A2B8F12BD3F84E0017B375 /* XCRemoteSwiftPackageReference "FeedKit" */;
			productName = FeedKit;
		};
/* End XCSwiftPackageProductDependency section */

/* Begin XCVersionGroup section */
		71A2B92E2BD591C70017B375 /* CoreDataModel.xcdatamodeld */ = {
			isa = XCVersionGroup;
			children = (
				71A2B92F2BD591C70017B375 /* CoreDataModel.xcdatamodel */,
			);
			currentVersion = 71A2B92F2BD591C70017B375 /* CoreDataModel.xcdatamodel */;
			path = CoreDataModel.xcdatamodeld;
			sourceTree = "<group>";
			versionGroupType = wrapper.xcdatamodel;
		};
/* End XCVersionGroup section */
	};
	rootObject = 71A2B84A2BD172A60017B375 /* Project object */;
}
